// !$*UTF8*$!
{
	archiveVersion = 1;
	classes = {
	};
	objectVersion = 46;
	objects = {

/* Begin PBXBuildFile section */
		EF5D779E1892F7D800636BEC /* Foundation.framework in Frameworks */ = {isa = PBXBuildFile; fileRef = EF5D779D1892F7D800636BEC /* Foundation.framework */; };
		EF5D77A01892F7D800636BEC /* CoreGraphics.framework in Frameworks */ = {isa = PBXBuildFile; fileRef = EF5D779F1892F7D800636BEC /* CoreGraphics.framework */; };
		EF5D77A21892F7D800636BEC /* UIKit.framework in Frameworks */ = {isa = PBXBuildFile; fileRef = EF5D77A11892F7D800636BEC /* UIKit.framework */; };
		EF5D77A81892F7D800636BEC /* InfoPlist.strings in Resources */ = {isa = PBXBuildFile; fileRef = EF5D77A61892F7D800636BEC /* InfoPlist.strings */; };
		EF5D77AA1892F7D800636BEC /* main.m in Sources */ = {isa = PBXBuildFile; fileRef = EF5D77A91892F7D800636BEC /* main.m */; };
		EF5D77AE1892F7D800636BEC /* test1pgm1AppDelegate.m in Sources */ = {isa = PBXBuildFile; fileRef = EF5D77AD1892F7D800636BEC /* test1pgm1AppDelegate.m */; };
		EF5D77B11892F7D800636BEC /* Main.storyboard in Resources */ = {isa = PBXBuildFile; fileRef = EF5D77AF1892F7D800636BEC /* Main.storyboard */; };
		EF5D77B41892F7D800636BEC /* test1pgm1ViewController.m in Sources */ = {isa = PBXBuildFile; fileRef = EF5D77B31892F7D800636BEC /* test1pgm1ViewController.m */; };
		EF5D77B61892F7D800636BEC /* Images.xcassets in Resources */ = {isa = PBXBuildFile; fileRef = EF5D77B51892F7D800636BEC /* Images.xcassets */; };
		EF5D77BD1892F7D800636BEC /* XCTest.framework in Frameworks */ = {isa = PBXBuildFile; fileRef = EF5D77BC1892F7D800636BEC /* XCTest.framework */; };
		EF5D77BE1892F7D800636BEC /* Foundation.framework in Frameworks */ = {isa = PBXBuildFile; fileRef = EF5D779D1892F7D800636BEC /* Foundation.framework */; };
		EF5D77BF1892F7D800636BEC /* UIKit.framework in Frameworks */ = {isa = PBXBuildFile; fileRef = EF5D77A11892F7D800636BEC /* UIKit.framework */; };
		EF5D77C71892F7D800636BEC /* InfoPlist.strings in Resources */ = {isa = PBXBuildFile; fileRef = EF5D77C51892F7D800636BEC /* InfoPlist.strings */; };
		EF5D77C91892F7D800636BEC /* test1pgm1Tests.m in Sources */ = {isa = PBXBuildFile; fileRef = EF5D77C81892F7D800636BEC /* test1pgm1Tests.m */; };
/* End PBXBuildFile section */

/* Begin PBXContainerItemProxy section */
		EF5D77C01892F7D800636BEC /* PBXContainerItemProxy */ = {
			isa = PBXContainerItemProxy;
			containerPortal = EF5D77921892F7D800636BEC /* Project object */;
			proxyType = 1;
			remoteGlobalIDString = EF5D77991892F7D800636BEC;
			remoteInfo = test1pgm1;
		};
/* End PBXContainerItemProxy section */

/* Begin PBXFileReference section */
		EF5D779A1892F7D800636BEC /* test1pgm1.app */ = {isa = PBXFileReference; explicitFileType = wrapper.application; includeInIndex = 0; path = test1pgm1.app; sourceTree = BUILT_PRODUCTS_DIR; };
		EF5D779D1892F7D800636BEC /* Foundation.framework */ = {isa = PBXFileReference; lastKnownFileType = wrapper.framework; name = Foundation.framework; path = System/Library/Frameworks/Foundation.framework; sourceTree = SDKROOT; };
		EF5D779F1892F7D800636BEC /* CoreGraphics.framework */ = {isa = PBXFileReference; lastKnownFileType = wrapper.framework; name = CoreGraphics.framework; path = System/Library/Frameworks/CoreGraphics.framework; sourceTree = SDKROOT; };
		EF5D77A11892F7D800636BEC /* UIKit.framework */ = {isa = PBXFileReference; lastKnownFileType = wrapper.framework; name = UIKit.framework; path = System/Library/Frameworks/UIKit.framework; sourceTree = SDKROOT; };
		EF5D77A51892F7D800636BEC /* test1pgm1-Info.plist */ = {isa = PBXFileReference; lastKnownFileType = text.plist.xml; path = "test1pgm1-Info.plist"; sourceTree = "<group>"; };
		EF5D77A71892F7D800636BEC /* en */ = {isa = PBXFileReference; lastKnownFileType = text.plist.strings; name = en; path = en.lproj/InfoPlist.strings; sourceTree = "<group>"; };
		EF5D77A91892F7D800636BEC /* main.m */ = {isa = PBXFileReference; lastKnownFileType = sourcecode.c.objc; path = main.m; sourceTree = "<group>"; };
		EF5D77AB1892F7D800636BEC /* test1pgm1-Prefix.pch */ = {isa = PBXFileReference; lastKnownFileType = sourcecode.c.h; path = "test1pgm1-Prefix.pch"; sourceTree = "<group>"; };
		EF5D77AC1892F7D800636BEC /* test1pgm1AppDelegate.h */ = {isa = PBXFileReference; lastKnownFileType = sourcecode.c.h; path = test1pgm1AppDelegate.h; sourceTree = "<group>"; };
		EF5D77AD1892F7D800636BEC /* test1pgm1AppDelegate.m */ = {isa = PBXFileReference; lastKnownFileType = sourcecode.c.objc; path = test1pgm1AppDelegate.m; sourceTree = "<group>"; };
		EF5D77B01892F7D800636BEC /* Base */ = {isa = PBXFileReference; lastKnownFileType = file.storyboard; name = Base; path = Base.lproj/Main.storyboard; sourceTree = "<group>"; };
		EF5D77B21892F7D800636BEC /* test1pgm1ViewController.h */ = {isa = PBXFileReference; lastKnownFileType = sourcecode.c.h; path = test1pgm1ViewController.h; sourceTree = "<group>"; };
		EF5D77B31892F7D800636BEC /* test1pgm1ViewController.m */ = {isa = PBXFileReference; lastKnownFileType = sourcecode.c.objc; path = test1pgm1ViewController.m; sourceTree = "<group>"; };
		EF5D77B51892F7D800636BEC /* Images.xcassets */ = {isa = PBXFileReference; lastKnownFileType = folder.assetcatalog; path = Images.xcassets; sourceTree = "<group>"; };
		EF5D77BB1892F7D800636BEC /* test1pgm1Tests.xctest */ = {isa = PBXFileReference; explicitFileType = wrapper.cfbundle; includeInIndex = 0; path = test1pgm1Tests.xctest; sourceTree = BUILT_PRODUCTS_DIR; };
		EF5D77BC1892F7D800636BEC /* XCTest.framework */ = {isa = PBXFileReference; lastKnownFileType = wrapper.framework; name = XCTest.framework; path = Library/Frameworks/XCTest.framework; sourceTree = DEVELOPER_DIR; };
		EF5D77C41892F7D800636BEC /* test1pgm1Tests-Info.plist */ = {isa = PBXFileReference; lastKnownFileType = text.plist.xml; path = "test1pgm1Tests-Info.plist"; sourceTree = "<group>"; };
		EF5D77C61892F7D800636BEC /* en */ = {isa = PBXFileReference; lastKnownFileType = text.plist.strings; name = en; path = en.lproj/InfoPlist.strings; sourceTree = "<group>"; };
		EF5D77C81892F7D800636BEC /* test1pgm1Tests.m */ = {isa = PBXFileReference; lastKnownFileType = sourcecode.c.objc; path = test1pgm1Tests.m; sourceTree = "<group>"; };
/* End PBXFileReference section */

/* Begin PBXFrameworksBuildPhase section */
		EF5D77971892F7D800636BEC /* Frameworks */ = {
			isa = PBXFrameworksBuildPhase;
			buildActionMask = 2147483647;
			files = (
				EF5D77A01892F7D800636BEC /* CoreGraphics.framework in Frameworks */,
				EF5D77A21892F7D800636BEC /* UIKit.framework in Frameworks */,
				EF5D779E1892F7D800636BEC /* Foundation.framework in Frameworks */,
			);
			runOnlyForDeploymentPostprocessing = 0;
		};
		EF5D77B81892F7D800636BEC /* Frameworks */ = {
			isa = PBXFrameworksBuildPhase;
			buildActionMask = 2147483647;
			files = (
				EF5D77BD1892F7D800636BEC /* XCTest.framework in Frameworks */,
				EF5D77BF1892F7D800636BEC /* UIKit.framework in Frameworks */,
				EF5D77BE1892F7D800636BEC /* Foundation.framework in Frameworks */,
			);
			runOnlyForDeploymentPostprocessing = 0;
		};
/* End PBXFrameworksBuildPhase section */

/* Begin PBXGroup section */
		EF5D77911892F7D800636BEC = {
			isa = PBXGroup;
			children = (
				EF5D77A31892F7D800636BEC /* test1pgm1 */,
				EF5D77C21892F7D800636BEC /* test1pgm1Tests */,
				EF5D779C1892F7D800636BEC /* Frameworks */,
				EF5D779B1892F7D800636BEC /* Products */,
			);
			sourceTree = "<group>";
		};
		EF5D779B1892F7D800636BEC /* Products */ = {
			isa = PBXGroup;
			children = (
				EF5D779A1892F7D800636BEC /* test1pgm1.app */,
				EF5D77BB1892F7D800636BEC /* test1pgm1Tests.xctest */,
			);
			name = Products;
			sourceTree = "<group>";
		};
		EF5D779C1892F7D800636BEC /* Frameworks */ = {
			isa = PBXGroup;
			children = (
				EF5D779D1892F7D800636BEC /* Foundation.framework */,
				EF5D779F1892F7D800636BEC /* CoreGraphics.framework */,
				EF5D77A11892F7D800636BEC /* UIKit.framework */,
				EF5D77BC1892F7D800636BEC /* XCTest.framework */,
			);
			name = Frameworks;
			sourceTree = "<group>";
		};
		EF5D77A31892F7D800636BEC /* test1pgm1 */ = {
			isa = PBXGroup;
			children = (
				EF5D77AC1892F7D800636BEC /* test1pgm1AppDelegate.h */,
				EF5D77AD1892F7D800636BEC /* test1pgm1AppDelegate.m */,
				EF5D77AF1892F7D800636BEC /* Main.storyboard */,
				EF5D77B21892F7D800636BEC /* test1pgm1ViewController.h */,
				EF5D77B31892F7D800636BEC /* test1pgm1ViewController.m */,
				EF5D77B51892F7D800636BEC /* Images.xcassets */,
				EF5D77A41892F7D800636BEC /* Supporting Files */,
			);
			path = test1pgm1;
			sourceTree = "<group>";
		};
		EF5D77A41892F7D800636BEC /* Supporting Files */ = {
			isa = PBXGroup;
			children = (
				EF5D77A51892F7D800636BEC /* test1pgm1-Info.plist */,
				EF5D77A61892F7D800636BEC /* InfoPlist.strings */,
				EF5D77A91892F7D800636BEC /* main.m */,
				EF5D77AB1892F7D800636BEC /* test1pgm1-Prefix.pch */,
			);
			name = "Supporting Files";
			sourceTree = "<group>";
		};
		EF5D77C21892F7D800636BEC /* test1pgm1Tests */ = {
			isa = PBXGroup;
			children = (
				EF5D77C81892F7D800636BEC /* test1pgm1Tests.m */,
				EF5D77C31892F7D800636BEC /* Supporting Files */,
			);
			path = test1pgm1Tests;
			sourceTree = "<group>";
		};
		EF5D77C31892F7D800636BEC /* Supporting Files */ = {
			isa = PBXGroup;
			children = (
				EF5D77C41892F7D800636BEC /* test1pgm1Tests-Info.plist */,
				EF5D77C51892F7D800636BEC /* InfoPlist.strings */,
			);
			name = "Supporting Files";
			sourceTree = "<group>";
		};
/* End PBXGroup section */

/* Begin PBXNativeTarget section */
		EF5D77991892F7D800636BEC /* test1pgm1 */ = {
			isa = PBXNativeTarget;
			buildConfigurationList = EF5D77CC1892F7D900636BEC /* Build configuration list for PBXNativeTarget "test1pgm1" */;
			buildPhases = (
				EF5D77961892F7D800636BEC /* Sources */,
				EF5D77971892F7D800636BEC /* Frameworks */,
				EF5D77981892F7D800636BEC /* Resources */,
			);
			buildRules = (
			);
			dependencies = (
			);
			name = test1pgm1;
			productName = test1pgm1;
			productReference = EF5D779A1892F7D800636BEC /* test1pgm1.app */;
			productType = "com.apple.product-type.application";
		};
		EF5D77BA1892F7D800636BEC /* test1pgm1Tests */ = {
			isa = PBXNativeTarget;
			buildConfigurationList = EF5D77CF1892F7D900636BEC /* Build configuration list for PBXNativeTarget "test1pgm1Tests" */;
			buildPhases = (
				EF5D77B71892F7D800636BEC /* Sources */,
				EF5D77B81892F7D800636BEC /* Frameworks */,
				EF5D77B91892F7D800636BEC /* Resources */,
			);
			buildRules = (
			);
			dependencies = (
				EF5D77C11892F7D800636BEC /* PBXTargetDependency */,
			);
			name = test1pgm1Tests;
			productName = test1pgm1Tests;
			productReference = EF5D77BB1892F7D800636BEC /* test1pgm1Tests.xctest */;
			productType = "com.apple.product-type.bundle.unit-test";
		};
/* End PBXNativeTarget section */

/* Begin PBXProject section */
		EF5D77921892F7D800636BEC /* Project object */ = {
			isa = PBXProject;
			attributes = {
				CLASSPREFIX = test1pgm1;
				LastUpgradeCheck = 0500;
				ORGANIZATIONNAME = "Moser, Wesley";
				TargetAttributes = {
					EF5D77BA1892F7D800636BEC = {
						TestTargetID = EF5D77991892F7D800636BEC;
					};
				};
			};
			buildConfigurationList = EF5D77951892F7D800636BEC /* Build configuration list for PBXProject "test1pgm1" */;
			compatibilityVersion = "Xcode 3.2";
			developmentRegion = English;
			hasScannedForEncodings = 0;
			knownRegions = (
				en,
				Base,
			);
			mainGroup = EF5D77911892F7D800636BEC;
			productRefGroup = EF5D779B1892F7D800636BEC /* Products */;
			projectDirPath = "";
			projectRoot = "";
			targets = (
				EF5D77991892F7D800636BEC /* test1pgm1 */,
				EF5D77BA1892F7D800636BEC /* test1pgm1Tests */,
			);
		};
/* End PBXProject section */

/* Begin PBXResourcesBuildPhase section */
		EF5D77981892F7D800636BEC /* Resources */ = {
			isa = PBXResourcesBuildPhase;
			buildActionMask = 2147483647;
			files = (
				EF5D77B61892F7D800636BEC /* Images.xcassets in Resources */,
				EF5D77A81892F7D800636BEC /* InfoPlist.strings in Resources */,
				EF5D77B11892F7D800636BEC /* Main.storyboard in Resources */,
			);
			runOnlyForDeploymentPostprocessing = 0;
		};
		EF5D77B91892F7D800636BEC /* Resources */ = {
			isa = PBXResourcesBuildPhase;
			buildActionMask = 2147483647;
			files = (
				EF5D77C71892F7D800636BEC /* InfoPlist.strings in Resources */,
			);
			runOnlyForDeploymentPostprocessing = 0;
		};
/* End PBXResourcesBuildPhase section */

/* Begin PBXSourcesBuildPhase section */
		EF5D77961892F7D800636BEC /* Sources */ = {
			isa = PBXSourcesBuildPhase;
			buildActionMask = 2147483647;
			files = (
				EF5D77AA1892F7D800636BEC /* main.m in Sources */,
				EF5D77AE1892F7D800636BEC /* test1pgm1AppDelegate.m in Sources */,
				EF5D77B41892F7D800636BEC /* test1pgm1ViewController.m in Sources */,
			);
			runOnlyForDeploymentPostprocessing = 0;
		};
		EF5D77B71892F7D800636BEC /* Sources */ = {
			isa = PBXSourcesBuildPhase;
			buildActionMask = 2147483647;
			files = (
				EF5D77C91892F7D800636BEC /* test1pgm1Tests.m in Sources */,
			);
			runOnlyForDeploymentPostprocessing = 0;
		};
/* End PBXSourcesBuildPhase section */

/* Begin PBXTargetDependency section */
		EF5D77C11892F7D800636BEC /* PBXTargetDependency */ = {
			isa = PBXTargetDependency;
			target = EF5D77991892F7D800636BEC /* test1pgm1 */;
			targetProxy = EF5D77C01892F7D800636BEC /* PBXContainerItemProxy */;
		};
/* End PBXTargetDependency section */

/* Begin PBXVariantGroup section */
		EF5D77A61892F7D800636BEC /* InfoPlist.strings */ = {
			isa = PBXVariantGroup;
			children = (
				EF5D77A71892F7D800636BEC /* en */,
			);
			name = InfoPlist.strings;
			sourceTree = "<group>";
		};
		EF5D77AF1892F7D800636BEC /* Main.storyboard */ = {
			isa = PBXVariantGroup;
			children = (
				EF5D77B01892F7D800636BEC /* Base */,
			);
			name = Main.storyboard;
			sourceTree = "<group>";
		};
		EF5D77C51892F7D800636BEC /* InfoPlist.strings */ = {
			isa = PBXVariantGroup;
			children = (
				EF5D77C61892F7D800636BEC /* en */,
			);
			name = InfoPlist.strings;
			sourceTree = "<group>";
		};
/* End PBXVariantGroup section */

/* Begin XCBuildConfiguration section */
		EF5D77CA1892F7D900636BEC /* Debug */ = {
			isa = XCBuildConfiguration;
			buildSettings = {
				ALWAYS_SEARCH_USER_PATHS = NO;
				ARCHS = "$(ARCHS_STANDARD_INCLUDING_64_BIT)";
				CLANG_CXX_LANGUAGE_STANDARD = "gnu++0x";
				CLANG_CXX_LIBRARY = "libc++";
				CLANG_ENABLE_MODULES = YES;
				CLANG_ENABLE_OBJC_ARC = YES;
				CLANG_WARN_BOOL_CONVERSION = YES;
				CLANG_WARN_CONSTANT_CONVERSION = YES;
				CLANG_WARN_DIRECT_OBJC_ISA_USAGE = YES_ERROR;
				CLANG_WARN_EMPTY_BODY = YES;
				CLANG_WARN_ENUM_CONVERSION = YES;
				CLANG_WARN_INT_CONVERSION = YES;
				CLANG_WARN_OBJC_ROOT_CLASS = YES_ERROR;
				CLANG_WARN__DUPLICATE_METHOD_MATCH = YES;
				"CODE_SIGN_IDENTITY[sdk=iphoneos*]" = "iPhone Developer";
				COPY_PHASE_STRIP = NO;
				GCC_C_LANGUAGE_STANDARD = gnu99;
				GCC_DYNAMIC_NO_PIC = NO;
				GCC_OPTIMIZATION_LEVEL = 0;
				GCC_PREPROCESSOR_DEFINITIONS = (
					"DEBUG=1",
					"$(inherited)",
				);
				GCC_SYMBOLS_PRIVATE_EXTERN = NO;
				GCC_WARN_64_TO_32_BIT_CONVERSION = YES;
				GCC_WARN_ABOUT_RETURN_TYPE = YES_ERROR;
				GCC_WARN_UNDECLARED_SELECTOR = YES;
				GCC_WARN_UNINITIALIZED_AUTOS = YES;
				GCC_WARN_UNUSED_FUNCTION = YES;
				GCC_WARN_UNUSED_VARIABLE = YES;
				IPHONEOS_DEPLOYMENT_TARGET = 7.0;
				ONLY_ACTIVE_ARCH = YES;
				SDKROOT = iphoneos;
			};
			name = Debug;
		};
		EF5D77CB1892F7D900636BEC /* Release */ = {
			isa = XCBuildConfiguration;
			buildSettings = {
				ALWAYS_SEARCH_USER_PATHS = NO;
				ARCHS = "$(ARCHS_STANDARD_INCLUDING_64_BIT)";
				CLANG_CXX_LANGUAGE_STANDARD = "gnu++0x";
				CLANG_CXX_LIBRARY = "libc++";
				CLANG_ENABLE_MODULES = YES;
				CLANG_ENABLE_OBJC_ARC = YES;
				CLANG_WARN_BOOL_CONVERSION = YES;
				CLANG_WARN_CONSTANT_CONVERSION = YES;
				CLANG_WARN_DIRECT_OBJC_ISA_USAGE = YES_ERROR;
				CLANG_WARN_EMPTY_BODY = YES;
				CLANG_WARN_ENUM_CONVERSION = YES;
				CLANG_WARN_INT_CONVERSION = YES;
				CLANG_WARN_OBJC_ROOT_CLASS = YES_ERROR;
				CLANG_WARN__DUPLICATE_METHOD_MATCH = YES;
				"CODE_SIGN_IDENTITY[sdk=iphoneos*]" = "iPhone Developer";
				COPY_PHASE_STRIP = YES;
				ENABLE_NS_ASSERTIONS = NO;
				GCC_C_LANGUAGE_STANDARD = gnu99;
				GCC_WARN_64_TO_32_BIT_CONVERSION = YES;
				GCC_WARN_ABOUT_RETURN_TYPE = YES_ERROR;
				GCC_WARN_UNDECLARED_SELECTOR = YES;
				GCC_WARN_UNINITIALIZED_AUTOS = YES;
				GCC_WARN_UNUSED_FUNCTION = YES;
				GCC_WARN_UNUSED_VARIABLE = YES;
				IPHONEOS_DEPLOYMENT_TARGET = 7.0;
				SDKROOT = iphoneos;
				VALIDATE_PRODUCT = YES;
			};
			name = Release;
		};
		EF5D77CD1892F7D900636BEC /* Debug */ = {
			isa = XCBuildConfiguration;
			buildSettings = {
				ASSETCATALOG_COMPILER_APPICON_NAME = AppIcon;
				ASSETCATALOG_COMPILER_LAUNCHIMAGE_NAME = LaunchImage;
				GCC_PRECOMPILE_PREFIX_HEADER = YES;
				GCC_PREFIX_HEADER = "test1pgm1/test1pgm1-Prefix.pch";
				INFOPLIST_FILE = "test1pgm1/test1pgm1-Info.plist";
				PRODUCT_NAME = "$(TARGET_NAME)";
				WRAPPER_EXTENSION = app;
			};
			name = Debug;
		};
		EF5D77CE1892F7D900636BEC /* Release */ = {
			isa = XCBuildConfiguration;
			buildSettings = {
				ASSETCATALOG_COMPILER_APPICON_NAME = AppIcon;
				ASSETCATALOG_COMPILER_LAUNCHIMAGE_NAME = LaunchImage;
				GCC_PRECOMPILE_PREFIX_HEADER = YES;
				GCC_PREFIX_HEADER = "test1pgm1/test1pgm1-Prefix.pch";
				INFOPLIST_FILE = "test1pgm1/test1pgm1-Info.plist";
				PRODUCT_NAME = "$(TARGET_NAME)";
				WRAPPER_EXTENSION = app;
			};
			name = Release;
		};
		EF5D77D01892F7D900636BEC /* Debug */ = {
			isa = XCBuildConfiguration;
			buildSettings = {
				ARCHS = "$(ARCHS_STANDARD_INCLUDING_64_BIT)";
				BUNDLE_LOADER = "$(BUILT_PRODUCTS_DIR)/test1pgm1.app/test1pgm1";
				FRAMEWORK_SEARCH_PATHS = (
					"$(SDKROOT)/Developer/Library/Frameworks",
					"$(inherited)",
					"$(DEVELOPER_FRAMEWORKS_DIR)",
				);
				GCC_PRECOMPILE_PREFIX_HEADER = YES;
				GCC_PREFIX_HEADER = "test1pgm1/test1pgm1-Prefix.pch";
				GCC_PREPROCESSOR_DEFINITIONS = (
					"DEBUG=1",
					"$(inherited)",
				);
				INFOPLIST_FILE = "test1pgm1Tests/test1pgm1Tests-Info.plist";
				PRODUCT_NAME = "$(TARGET_NAME)";
				TEST_HOST = "$(BUNDLE_LOADER)";
				WRAPPER_EXTENSION = xctest;
			};
			name = Debug;
		};
		EF5D77D11892F7D900636BEC /* Release */ = {
			isa = XCBuildConfiguration;
			buildSettings = {
				ARCHS = "$(ARCHS_STANDARD_INCLUDING_64_BIT)";
				BUNDLE_LOADER = "$(BUILT_PRODUCTS_DIR)/test1pgm1.app/test1pgm1";
				FRAMEWORK_SEARCH_PATHS = (
					"$(SDKROOT)/Developer/Library/Frameworks",
					"$(inherited)",
					"$(DEVELOPER_FRAMEWORKS_DIR)",
				);
				GCC_PRECOMPILE_PREFIX_HEADER = YES;
				GCC_PREFIX_HEADER = "test1pgm1/test1pgm1-Prefix.pch";
				INFOPLIST_FILE = "test1pgm1Tests/test1pgm1Tests-Info.plist";
				PRODUCT_NAME = "$(TARGET_NAME)";
				TEST_HOST = "$(BUNDLE_LOADER)";
				WRAPPER_EXTENSION = xctest;
			};
			name = Release;
		};
/* End XCBuildConfiguration section */

/* Begin XCConfigurationList section */
		EF5D77951892F7D800636BEC /* Build configuration list for PBXProject "test1pgm1" */ = {
			isa = XCConfigurationList;
			buildConfigurations = (
				EF5D77CA1892F7D900636BEC /* Debug */,
				EF5D77CB1892F7D900636BEC /* Release */,
			);
			defaultConfigurationIsVisible = 0;
			defaultConfigurationName = Release;
		};
		EF5D77CC1892F7D900636BEC /* Build configuration list for PBXNativeTarget "test1pgm1" */ = {
			isa = XCConfigurationList;
			buildConfigurations = (
				EF5D77CD1892F7D900636BEC /* Debug */,
				EF5D77CE1892F7D900636BEC /* Release */,
			);
			defaultConfigurationIsVisible = 0;
		};
		EF5D77CF1892F7D900636BEC /* Build configuration list for PBXNativeTarget "test1pgm1Tests" */ = {
			isa = XCConfigurationList;
			buildConfigurations = (
				EF5D77D01892F7D900636BEC /* Debug */,
				EF5D77D11892F7D900636BEC /* Release */,
			);
			defaultConfigurationIsVisible = 0;
		};
/* End XCConfigurationList section */
	};
	rootObject = EF5D77921892F7D800636BEC /* Project object */;
}
